
Microsoft Visual Studio Solution File, Format Version 12.00
# Visual Studio 14
VisualStudioVersion = 14.0.25420.1
MinimumVisualStudioVersion = 10.0.40219.1
Project("{FAE04EC0-301F-11D3-BF4B-00C04F79EFBC}") = "BookStore.Models", "BookStrore.Models\BookStore.Models.csproj", "{35453519-AFB2-4665-BE2F-82D444B0F5BC}"
EndProject
Project("{FAE04EC0-301F-11D3-BF4B-00C04F79EFBC}") = "BookStore.Common", "BookStore.Common\BookStore.Common.csproj", "{75E02045-875B-4752-A5B9-7B8E926D43B1}"
EndProject
Project("{FAE04EC0-301F-11D3-BF4B-00C04F79EFBC}") = "BookStore.Data", "BookStore.Data\BookStore.Data.csproj", "{643F900F-5DF1-4E25-BD7C-4442678AA9BF}"
EndProject
Project("{FAE04EC0-301F-11D3-BF4B-00C04F79EFBC}") = "BookStore.Data.SqlServer", "BookStore.Data.SqlServer\BookStore.Data.SqlServer.csproj", "{B0138500-A902-4FAD-BDBF-C1108832FED9}"
EndProject
Project("{00D1A9C2-B5F0-4AF3-8072-F6C62B433612}") = "BookStore.Db", "BookStore.Db\BookStore.Db.sqlproj", "{A6D48738-E32D-4FAE-B1D5-355FC2D5003F}"
EndProject
Project("{FAE04EC0-301F-11D3-BF4B-00C04F79EFBC}") = "BookStore.Api", "BookStore.Api\BookStore.Api.csproj", "{B329D378-9479-428D-BA1C-98B8004842AD}"
EndProject
Project("{FAE04EC0-301F-11D3-BF4B-00C04F79EFBC}") = "BookStore.Api.Tests", "BookStore.Api.Tests\BookStore.Api.Tests.csproj", "{A1B92654-7ECA-4B38-8685-4760A6CA2818}"
EndProject
Project("{FAE04EC0-301F-11D3-BF4B-00C04F79EFBC}") = "BookStore.Web.Common", "BookStore.Web.Common\BookStore.Web.Common.csproj", "{453B9224-8AA0-4A43-BD84-5D7A3A292A84}"
EndProject
Global
	GlobalSection(SolutionConfigurationPlatforms) = preSolution
		Debug|Any CPU = Debug|Any CPU
		Release|Any CPU = Release|Any CPU
	EndGlobalSection
	GlobalSection(ProjectConfigurationPlatforms) = postSolution
		{35453519-AFB2-4665-BE2F-82D444B0F5BC}.Debug|Any CPU.ActiveCfg = Debug|Any CPU
		{35453519-AFB2-4665-BE2F-82D444B0F5BC}.Debug|Any CPU.Build.0 = Debug|Any CPU
		{35453519-AFB2-4665-BE2F-82D444B0F5BC}.Release|Any CPU.ActiveCfg = Release|Any CPU
		{35453519-AFB2-4665-BE2F-82D444B0F5BC}.Release|Any CPU.Build.0 = Release|Any CPU
		{75E02045-875B-4752-A5B9-7B8E926D43B1}.Debug|Any CPU.ActiveCfg = Debug|Any CPU
		{75E02045-875B-4752-A5B9-7B8E926D43B1}.Debug|Any CPU.Build.0 = Debug|Any CPU
		{75E02045-875B-4752-A5B9-7B8E926D43B1}.Release|Any CPU.ActiveCfg = Release|Any CPU
		{75E02045-875B-4752-A5B9-7B8E926D43B1}.Release|Any CPU.Build.0 = Release|Any CPU
		{643F900F-5DF1-4E25-BD7C-4442678AA9BF}.Debug|Any CPU.ActiveCfg = Debug|Any CPU
		{643F900F-5DF1-4E25-BD7C-4442678AA9BF}.Debug|Any CPU.Build.0 = Debug|Any CPU
		{643F900F-5DF1-4E25-BD7C-4442678AA9BF}.Release|Any CPU.ActiveCfg = Release|Any CPU
		{643F900F-5DF1-4E25-BD7C-4442678AA9BF}.Release|Any CPU.Build.0 = Release|Any CPU
		{B0138500-A902-4FAD-BDBF-C1108832FED9}.Debug|Any CPU.ActiveCfg = Debug|Any CPU
		{B0138500-A902-4FAD-BDBF-C1108832FED9}.Debug|Any CPU.Build.0 = Debug|Any CPU
		{B0138500-A902-4FAD-BDBF-C1108832FED9}.Release|Any CPU.ActiveCfg = Release|Any CPU
		{B0138500-A902-4FAD-BDBF-C1108832FED9}.Release|Any CPU.Build.0 = Release|Any CPU
		{A6D48738-E32D-4FAE-B1D5-355FC2D5003F}.Debug|Any CPU.ActiveCfg = Debug|Any CPU
		{A6D48738-E32D-4FAE-B1D5-355FC2D5003F}.Debug|Any CPU.Build.0 = Debug|Any CPU
		{A6D48738-E32D-4FAE-B1D5-355FC2D5003F}.Debug|Any CPU.Deploy.0 = Debug|Any CPU
		{A6D48738-E32D-4FAE-B1D5-355FC2D5003F}.Release|Any CPU.ActiveCfg = Release|Any CPU
		{A6D48738-E32D-4FAE-B1D5-355FC2D5003F}.Release|Any CPU.Build.0 = Release|Any CPU
		{A6D48738-E32D-4FAE-B1D5-355FC2D5003F}.Release|Any CPU.Deploy.0 = Release|Any CPU
		{B329D378-9479-428D-BA1C-98B8004842AD}.Debug|Any CPU.ActiveCfg = Debug|Any CPU
		{B329D378-9479-428D-BA1C-98B8004842AD}.Debug|Any CPU.Build.0 = Debug|Any CPU
		{B329D378-9479-428D-BA1C-98B8004842AD}.Release|Any CPU.ActiveCfg = Release|Any CPU
		{B329D378-9479-428D-BA1C-98B8004842AD}.Release|Any CPU.Build.0 = Release|Any CPU
		{A1B92654-7ECA-4B38-8685-4760A6CA2818}.Debug|Any CPU.ActiveCfg = Debug|Any CPU
		{A1B92654-7ECA-4B38-8685-4760A6CA2818}.Debug|Any CPU.Build.0 = Debug|Any CPU
		{A1B92654-7ECA-4B38-8685-4760A6CA2818}.Release|Any CPU.ActiveCfg = Release|Any CPU
		{A1B92654-7ECA-4B38-8685-4760A6CA2818}.Release|Any CPU.Build.0 = Release|Any CPU
		{453B9224-8AA0-4A43-BD84-5D7A3A292A84}.Debug|Any CPU.ActiveCfg = Debug|Any CPU
		{453B9224-8AA0-4A43-BD84-5D7A3A292A84}.Debug|Any CPU.Build.0 = Debug|Any CPU
		{453B9224-8AA0-4A43-BD84-5D7A3A292A84}.Release|Any CPU.ActiveCfg = Release|Any CPU
		{453B9224-8AA0-4A43-BD84-5D7A3A292A84}.Release|Any CPU.Build.0 = Release|Any CPU
	EndGlobalSection
	GlobalSection(SolutionProperties) = preSolution
		HideSolutionNode = FALSE
	EndGlobalSection
EndGlobal
